// !$*UTF8*$!
{
	archiveVersion = 1;
	classes = {
	};
	objectVersion = 56;
	objects = {

/* Begin PBXBuildFile section */
		6C1FBD182A28D02100EE3C5B /* RecipeDetailView.swift in Sources */ = {isa = PBXBuildFile; fileRef = 6C1FBD172A28D02100EE3C5B /* RecipeDetailView.swift */; };
		6C1FBD1A2A28D6D200EE3C5B /* AppColor.swift in Sources */ = {isa = PBXBuildFile; fileRef = 6C1FBD192A28D6D200EE3C5B /* AppColor.swift */; };
		6C413F5C2A2835650055D2E7 /* CookBookApp.swift in Sources */ = {isa = PBXBuildFile; fileRef = 6C413F5B2A2835650055D2E7 /* CookBookApp.swift */; };
		6C413F5E2A2835650055D2E7 /* RecipeListView.swift in Sources */ = {isa = PBXBuildFile; fileRef = 6C413F5D2A2835650055D2E7 /* RecipeListView.swift */; };
		6C413F602A2835660055D2E7 /* Assets.xcassets in Resources */ = {isa = PBXBuildFile; fileRef = 6C413F5F2A2835660055D2E7 /* Assets.xcassets */; };
		6C413F632A2835660055D2E7 /* Preview Assets.xcassets in Resources */ = {isa = PBXBuildFile; fileRef = 6C413F622A2835660055D2E7 /* Preview Assets.xcassets */; };
		6C413F6B2A2836830055D2E7 /* Recipe.swift in Sources */ = {isa = PBXBuildFile; fileRef = 6C413F6A2A2836830055D2E7 /* Recipe.swift */; };
		6C46E3962A301738003EBA6C /* ModifyMainInfoView.swift in Sources */ = {isa = PBXBuildFile; fileRef = 6C46E3952A301738003EBA6C /* ModifyMainInfoView.swift */; };
		6C46E3982A301FD7003EBA6C /* ModifyIngredientView.swift in Sources */ = {isa = PBXBuildFile; fileRef = 6C46E3972A301FD7003EBA6C /* ModifyIngredientView.swift */; };
		6C46E39A2A3032DD003EBA6C /* ModifyIngredientsView.swift in Sources */ = {isa = PBXBuildFile; fileRef = 6C46E3992A3032DD003EBA6C /* ModifyIngredientsView.swift */; };
		6C688F0B2A2882BF000EC7D0 /* RecipeData.swift in Sources */ = {isa = PBXBuildFile; fileRef = 6C688F0A2A2882BF000EC7D0 /* RecipeData.swift */; };
		6CD029A82A2E160400689EDF /* RecipeCategoryGridView.swift in Sources */ = {isa = PBXBuildFile; fileRef = 6CD029A72A2E160400689EDF /* RecipeCategoryGridView.swift */; };
		6CD5D52B2A2EDE7F0000439E /* ModifyRecipeView.swift in Sources */ = {isa = PBXBuildFile; fileRef = 6CD5D52A2A2EDE7F0000439E /* ModifyRecipeView.swift */; };
/* End PBXBuildFile section */

/* Begin PBXFileReference section */
		6C1FBD172A28D02100EE3C5B /* RecipeDetailView.swift */ = {isa = PBXFileReference; lastKnownFileType = sourcecode.swift; path = RecipeDetailView.swift; sourceTree = "<group>"; };
		6C1FBD192A28D6D200EE3C5B /* AppColor.swift */ = {isa = PBXFileReference; lastKnownFileType = sourcecode.swift; name = AppColor.swift; path = CookBook/Views/AppColor.swift; sourceTree = SOURCE_ROOT; };
		6C413F582A2835650055D2E7 /* CookBook.app */ = {isa = PBXFileReference; explicitFileType = wrapper.application; includeInIndex = 0; path = CookBook.app; sourceTree = BUILT_PRODUCTS_DIR; };
		6C413F5B2A2835650055D2E7 /* CookBookApp.swift */ = {isa = PBXFileReference; lastKnownFileType = sourcecode.swift; path = CookBookApp.swift; sourceTree = "<group>"; };
		6C413F5D2A2835650055D2E7 /* RecipeListView.swift */ = {isa = PBXFileReference; lastKnownFileType = sourcecode.swift; path = RecipeListView.swift; sourceTree = "<group>"; };
		6C413F5F2A2835660055D2E7 /* Assets.xcassets */ = {isa = PBXFileReference; lastKnownFileType = folder.assetcatalog; path = Assets.xcassets; sourceTree = "<group>"; };
		6C413F622A2835660055D2E7 /* Preview Assets.xcassets */ = {isa = PBXFileReference; lastKnownFileType = folder.assetcatalog; path = "Preview Assets.xcassets"; sourceTree = "<group>"; };
		6C413F6A2A2836830055D2E7 /* Recipe.swift */ = {isa = PBXFileReference; lastKnownFileType = sourcecode.swift; path = Recipe.swift; sourceTree = "<group>"; };
		6C46E3952A301738003EBA6C /* ModifyMainInfoView.swift */ = {isa = PBXFileReference; lastKnownFileType = sourcecode.swift; path = ModifyMainInfoView.swift; sourceTree = "<group>"; };
		6C46E3972A301FD7003EBA6C /* ModifyIngredientView.swift */ = {isa = PBXFileReference; lastKnownFileType = sourcecode.swift; path = ModifyIngredientView.swift; sourceTree = "<group>"; };
		6C46E3992A3032DD003EBA6C /* ModifyIngredientsView.swift */ = {isa = PBXFileReference; lastKnownFileType = sourcecode.swift; path = ModifyIngredientsView.swift; sourceTree = "<group>"; };
		6C688F0A2A2882BF000EC7D0 /* RecipeData.swift */ = {isa = PBXFileReference; lastKnownFileType = sourcecode.swift; path = RecipeData.swift; sourceTree = "<group>"; };
		6CD029A72A2E160400689EDF /* RecipeCategoryGridView.swift */ = {isa = PBXFileReference; lastKnownFileType = sourcecode.swift; path = RecipeCategoryGridView.swift; sourceTree = "<group>"; };
		6CD5D52A2A2EDE7F0000439E /* ModifyRecipeView.swift */ = {isa = PBXFileReference; lastKnownFileType = sourcecode.swift; path = ModifyRecipeView.swift; sourceTree = "<group>"; };
/* End PBXFileReference section */

/* Begin PBXFrameworksBuildPhase section */
		6C413F552A2835650055D2E7 /* Frameworks */ = {
			isa = PBXFrameworksBuildPhase;
			buildActionMask = 2147483647;
			files = (
			);
			runOnlyForDeploymentPostprocessing = 0;
		};
/* End PBXFrameworksBuildPhase section */

/* Begin PBXGroup section */
		6C413F4F2A2835650055D2E7 = {
			isa = PBXGroup;
			children = (
				6C413F5A2A2835650055D2E7 /* CookBook */,
				6C413F592A2835650055D2E7 /* Products */,
			);
			sourceTree = "<group>";
		};
		6C413F592A2835650055D2E7 /* Products */ = {
			isa = PBXGroup;
			children = (
				6C413F582A2835650055D2E7 /* CookBook.app */,
			);
			name = Products;
			sourceTree = "<group>";
		};
		6C413F5A2A2835650055D2E7 /* CookBook */ = {
			isa = PBXGroup;
			children = (
				6C688F092A2881CF000EC7D0 /* ViewModels */,
				6C688F072A288086000EC7D0 /* Views */,
				6C413F692A2836710055D2E7 /* Models */,
				6C413F5B2A2835650055D2E7 /* CookBookApp.swift */,
				6C413F5F2A2835660055D2E7 /* Assets.xcassets */,
				6C413F612A2835660055D2E7 /* Preview Content */,
			);
			path = CookBook;
			sourceTree = "<group>";
		};
		6C413F612A2835660055D2E7 /* Preview Content */ = {
			isa = PBXGroup;
			children = (
				6C413F622A2835660055D2E7 /* Preview Assets.xcassets */,
			);
			path = "Preview Content";
			sourceTree = "<group>";
		};
		6C413F692A2836710055D2E7 /* Models */ = {
			isa = PBXGroup;
			children = (
				6C413F6A2A2836830055D2E7 /* Recipe.swift */,
			);
			path = Models;
			sourceTree = "<group>";
		};
		6C688F072A288086000EC7D0 /* Views */ = {
			isa = PBXGroup;
			children = (
				6CD5D5282A2EDE290000439E /* ExploreRecipes */,
				6CD5D5292A2EDE3D0000439E /* ModifyRecipes */,
			);
			path = Views;
			sourceTree = "<group>";
		};
		6C688F092A2881CF000EC7D0 /* ViewModels */ = {
			isa = PBXGroup;
			children = (
				6C1FBD192A28D6D200EE3C5B /* AppColor.swift */,
				6C688F0A2A2882BF000EC7D0 /* RecipeData.swift */,
			);
			path = ViewModels;
			sourceTree = "<group>";
		};
		6CD5D5282A2EDE290000439E /* ExploreRecipes */ = {
			isa = PBXGroup;
			children = (
				6C413F5D2A2835650055D2E7 /* RecipeListView.swift */,
				6C1FBD172A28D02100EE3C5B /* RecipeDetailView.swift */,
				6CD029A72A2E160400689EDF /* RecipeCategoryGridView.swift */,
			);
			path = ExploreRecipes;
			sourceTree = "<group>";
		};
		6CD5D5292A2EDE3D0000439E /* ModifyRecipes */ = {
			isa = PBXGroup;
			children = (
				6CD5D52A2A2EDE7F0000439E /* ModifyRecipeView.swift */,
				6C46E3952A301738003EBA6C /* ModifyMainInfoView.swift */,
				6C46E3972A301FD7003EBA6C /* ModifyIngredientView.swift */,
				6C46E3992A3032DD003EBA6C /* ModifyIngredientsView.swift */,
			);
			path = ModifyRecipes;
			sourceTree = "<group>";
		};
/* End PBXGroup section */

/* Begin PBXNativeTarget section */
		6C413F572A2835650055D2E7 /* CookBook */ = {
			isa = PBXNativeTarget;
			buildConfigurationList = 6C413F662A2835660055D2E7 /* Build configuration list for PBXNativeTarget "CookBook" */;
			buildPhases = (
				6C413F542A2835650055D2E7 /* Sources */,
				6C413F552A2835650055D2E7 /* Frameworks */,
				6C413F562A2835650055D2E7 /* Resources */,
			);
			buildRules = (
			);
			dependencies = (
			);
			name = CookBook;
			productName = CookBook;
			productReference = 6C413F582A2835650055D2E7 /* CookBook.app */;
			productType = "com.apple.product-type.application";
		};
/* End PBXNativeTarget section */

/* Begin PBXProject section */
		6C413F502A2835650055D2E7 /* Project object */ = {
			isa = PBXProject;
			attributes = {
				BuildIndependentTargetsInParallel = 1;
				LastSwiftUpdateCheck = 1430;
				LastUpgradeCheck = 1430;
				TargetAttributes = {
					6C413F572A2835650055D2E7 = {
						CreatedOnToolsVersion = 14.3;
					};
				};
			};
			buildConfigurationList = 6C413F532A2835650055D2E7 /* Build configuration list for PBXProject "CookBook" */;
			compatibilityVersion = "Xcode 14.0";
			developmentRegion = en;
			hasScannedForEncodings = 0;
			knownRegions = (
				en,
				Base,
			);
			mainGroup = 6C413F4F2A2835650055D2E7;
			productRefGroup = 6C413F592A2835650055D2E7 /* Products */;
			projectDirPath = "";
			projectRoot = "";
			targets = (
				6C413F572A2835650055D2E7 /* CookBook */,
			);
		};
/* End PBXProject section */

/* Begin PBXResourcesBuildPhase section */
		6C413F562A2835650055D2E7 /* Resources */ = {
			isa = PBXResourcesBuildPhase;
			buildActionMask = 2147483647;
			files = (
				6C413F632A2835660055D2E7 /* Preview Assets.xcassets in Resources */,
				6C413F602A2835660055D2E7 /* Assets.xcassets in Resources */,
			);
			runOnlyForDeploymentPostprocessing = 0;
		};
/* End PBXResourcesBuildPhase section */

/* Begin PBXSourcesBuildPhase section */
		6C413F542A2835650055D2E7 /* Sources */ = {
			isa = PBXSourcesBuildPhase;
			buildActionMask = 2147483647;
			files = (
				6C413F6B2A2836830055D2E7 /* Recipe.swift in Sources */,
				6C46E3962A301738003EBA6C /* ModifyMainInfoView.swift in Sources */,
				6C46E3982A301FD7003EBA6C /* ModifyIngredientView.swift in Sources */,
				6C1FBD182A28D02100EE3C5B /* RecipeDetailView.swift in Sources */,
				6CD029A82A2E160400689EDF /* RecipeCategoryGridView.swift in Sources */,
				6C46E39A2A3032DD003EBA6C /* ModifyIngredientsView.swift in Sources */,
				6C688F0B2A2882BF000EC7D0 /* RecipeData.swift in Sources */,
				6CD5D52B2A2EDE7F0000439E /* ModifyRecipeView.swift in Sources */,
				6C413F5E2A2835650055D2E7 /* RecipeListView.swift in Sources */,
				6C413F5C2A2835650055D2E7 /* CookBookApp.swift in Sources */,
				6C1FBD1A2A28D6D200EE3C5B /* AppColor.swift in Sources */,
			);
			runOnlyForDeploymentPostprocessing = 0;
		};
/* End PBXSourcesBuildPhase section */

/* Begin XCBuildConfiguration section */
		6C413F642A2835660055D2E7 /* Debug */ = {
			isa = XCBuildConfiguration;
			buildSettings = {
				ALWAYS_SEARCH_USER_PATHS = NO;
				CLANG_ANALYZER_NONNULL = YES;
				CLANG_ANALYZER_NUMBER_OBJECT_CONVERSION = YES_AGGRESSIVE;
				CLANG_CXX_LANGUAGE_STANDARD = "gnu++20";
				CLANG_ENABLE_MODULES = YES;
				CLANG_ENABLE_OBJC_ARC = YES;
				CLANG_ENABLE_OBJC_WEAK = YES;
				CLANG_WARN_BLOCK_CAPTURE_AUTORELEASING = YES;
				CLANG_WARN_BOOL_CONVERSION = YES;
				CLANG_WARN_COMMA = YES;
				CLANG_WARN_CONSTANT_CONVERSION = YES;
				CLANG_WARN_DEPRECATED_OBJC_IMPLEMENTATIONS = YES;
				CLANG_WARN_DIRECT_OBJC_ISA_USAGE = YES_ERROR;
				CLANG_WARN_DOCUMENTATION_COMMENTS = YES;
				CLANG_WARN_EMPTY_BODY = YES;
				CLANG_WARN_ENUM_CONVERSION = YES;
				CLANG_WARN_INFINITE_RECURSION = YES;
				CLANG_WARN_INT_CONVERSION = YES;
				CLANG_WARN_NON_LITERAL_NULL_CONVERSION = YES;
				CLANG_WARN_OBJC_IMPLICIT_RETAIN_SELF = YES;
				CLANG_WARN_OBJC_LITERAL_CONVERSION = YES;
				CLANG_WARN_OBJC_ROOT_CLASS = YES_ERROR;
				CLANG_WARN_QUOTED_INCLUDE_IN_FRAMEWORK_HEADER = YES;
				CLANG_WARN_RANGE_LOOP_ANALYSIS = YES;
				CLANG_WARN_STRICT_PROTOTYPES = YES;
				CLANG_WARN_SUSPICIOUS_MOVE = YES;
				CLANG_WARN_UNGUARDED_AVAILABILITY = YES_AGGRESSIVE;
				CLANG_WARN_UNREACHABLE_CODE = YES;
				CLANG_WARN__DUPLICATE_METHOD_MATCH = YES;
				COPY_PHASE_STRIP = NO;
				DEBUG_INFORMATION_FORMAT = dwarf;
				ENABLE_STRICT_OBJC_MSGSEND = YES;
				ENABLE_TESTABILITY = YES;
				GCC_C_LANGUAGE_STANDARD = gnu11;
				GCC_DYNAMIC_NO_PIC = NO;
				GCC_NO_COMMON_BLOCKS = YES;
				GCC_OPTIMIZATION_LEVEL = 0;
				GCC_PREPROCESSOR_DEFINITIONS = (
					"DEBUG=1",
					"$(inherited)",
				);
				GCC_WARN_64_TO_32_BIT_CONVERSION = YES;
				GCC_WARN_ABOUT_RETURN_TYPE = YES_ERROR;
				GCC_WARN_UNDECLARED_SELECTOR = YES;
				GCC_WARN_UNINITIALIZED_AUTOS = YES_AGGRESSIVE;
				GCC_WARN_UNUSED_FUNCTION = YES;
				GCC_WARN_UNUSED_VARIABLE = YES;
				IPHONEOS_DEPLOYMENT_TARGET = 16.4;
				MTL_ENABLE_DEBUG_INFO = INCLUDE_SOURCE;
				MTL_FAST_MATH = YES;
				ONLY_ACTIVE_ARCH = YES;
				SDKROOT = iphoneos;
				SWIFT_ACTIVE_COMPILATION_CONDITIONS = DEBUG;
				SWIFT_OPTIMIZATION_LEVEL = "-Onone";
			};
			name = Debug;
		};
		6C413F652A2835660055D2E7 /* Release */ = {
			isa = XCBuildConfiguration;
			buildSettings = {
				ALWAYS_SEARCH_USER_PATHS = NO;
				CLANG_ANALYZER_NONNULL = YES;
				CLANG_ANALYZER_NUMBER_OBJECT_CONVERSION = YES_AGGRESSIVE;
				CLANG_CXX_LANGUAGE_STANDARD = "gnu++20";
				CLANG_ENABLE_MODULES = YES;
				CLANG_ENABLE_OBJC_ARC = YES;
				CLANG_ENABLE_OBJC_WEAK = YES;
				CLANG_WARN_BLOCK_CAPTURE_AUTORELEASING = YES;
				CLANG_WARN_BOOL_CONVERSION = YES;
				CLANG_WARN_COMMA = YES;
				CLANG_WARN_CONSTANT_CONVERSION = YES;
				CLANG_WARN_DEPRECATED_OBJC_IMPLEMENTATIONS = YES;
				CLANG_WARN_DIRECT_OBJC_ISA_USAGE = YES_ERROR;
				CLANG_WARN_DOCUMENTATION_COMMENTS = YES;
				CLANG_WARN_EMPTY_BODY = YES;
				CLANG_WARN_ENUM_CONVERSION = YES;
				CLANG_WARN_INFINITE_RECURSION = YES;
				CLANG_WARN_INT_CONVERSION = YES;
				CLANG_WARN_NON_LITERAL_NULL_CONVERSION = YES;
				CLANG_WARN_OBJC_IMPLICIT_RETAIN_SELF = YES;
				CLANG_WARN_OBJC_LITERAL_CONVERSION = YES;
				CLANG_WARN_OBJC_ROOT_CLASS = YES_ERROR;
				CLANG_WARN_QUOTED_INCLUDE_IN_FRAMEWORK_HEADER = YES;
				CLANG_WARN_RANGE_LOOP_ANALYSIS = YES;
				CLANG_WARN_STRICT_PROTOTYPES = YES;
				CLANG_WARN_SUSPICIOUS_MOVE = YES;
				CLANG_WARN_UNGUARDED_AVAILABILITY = YES_AGGRESSIVE;
				CLANG_WARN_UNREACHABLE_CODE = YES;
				CLANG_WARN__DUPLICATE_METHOD_MATCH = YES;
				COPY_PHASE_STRIP = NO;
				DEBUG_INFORMATION_FORMAT = "dwarf-with-dsym";
				ENABLE_NS_ASSERTIONS = NO;
				ENABLE_STRICT_OBJC_MSGSEND = YES;
				GCC_C_LANGUAGE_STANDARD = gnu11;
				GCC_NO_COMMON_BLOCKS = YES;
				GCC_WARN_64_TO_32_BIT_CONVERSION = YES;
				GCC_WARN_ABOUT_RETURN_TYPE = YES_ERROR;
				GCC_WARN_UNDECLARED_SELECTOR = YES;
				GCC_WARN_UNINITIALIZED_AUTOS = YES_AGGRESSIVE;
				GCC_WARN_UNUSED_FUNCTION = YES;
				GCC_WARN_UNUSED_VARIABLE = YES;
				IPHONEOS_DEPLOYMENT_TARGET = 16.4;
				MTL_ENABLE_DEBUG_INFO = NO;
				MTL_FAST_MATH = YES;
				SDKROOT = iphoneos;
				SWIFT_COMPILATION_MODE = wholemodule;
				SWIFT_OPTIMIZATION_LEVEL = "-O";
				VALIDATE_PRODUCT = YES;
			};
			name = Release;
		};
		6C413F672A2835660055D2E7 /* Debug */ = {
			isa = XCBuildConfiguration;
			buildSettings = {
				ASSETCATALOG_COMPILER_APPICON_NAME = AppIcon;
				ASSETCATALOG_COMPILER_GLOBAL_ACCENT_COLOR_NAME = AccentColor;
				CODE_SIGN_STYLE = Automatic;
				CURRENT_PROJECT_VERSION = 1;
				DEVELOPMENT_ASSET_PATHS = "\"CookBook/Preview Content\"";
				DEVELOPMENT_TEAM = X2CJ5N6J47;
				ENABLE_PREVIEWS = YES;
				GENERATE_INFOPLIST_FILE = YES;
				INFOPLIST_KEY_UIApplicationSceneManifest_Generation = YES;
				INFOPLIST_KEY_UIApplicationSupportsIndirectInputEvents = YES;
				INFOPLIST_KEY_UILaunchScreen_Generation = YES;
				INFOPLIST_KEY_UISupportedInterfaceOrientations_iPad = "UIInterfaceOrientationPortrait UIInterfaceOrientationPortraitUpsideDown UIInterfaceOrientationLandscapeLeft UIInterfaceOrientationLandscapeRight";
				INFOPLIST_KEY_UISupportedInterfaceOrientations_iPhone = "UIInterfaceOrientationPortrait UIInterfaceOrientationLandscapeLeft UIInterfaceOrientationLandscapeRight";
				LD_RUNPATH_SEARCH_PATHS = (
					"$(inherited)",
					"@executable_path/Frameworks",
				);
				MARKETING_VERSION = 1.0;
				PRODUCT_BUNDLE_IDENTIFIER = com.vts.CookBook;
				PRODUCT_NAME = "$(TARGET_NAME)";
				SWIFT_EMIT_LOC_STRINGS = YES;
				SWIFT_VERSION = 5.0;
				TARGETED_DEVICE_FAMILY = "1,2";
			};
			name = Debug;
		};
		6C413F682A2835660055D2E7 /* Release */ = {
			isa = XCBuildConfiguration;
			buildSettings = {
				ASSETCATALOG_COMPILER_APPICON_NAME = AppIcon;
				ASSETCATALOG_COMPILER_GLOBAL_ACCENT_COLOR_NAME = AccentColor;
				CODE_SIGN_STYLE = Automatic;
				CURRENT_PROJECT_VERSION = 1;
				DEVELOPMENT_ASSET_PATHS = "\"CookBook/Preview Content\"";
				DEVELOPMENT_TEAM = X2CJ5N6J47;
				ENABLE_PREVIEWS = YES;
				GENERATE_INFOPLIST_FILE = YES;
				INFOPLIST_KEY_UIApplicationSceneManifest_Generation = YES;
				INFOPLIST_KEY_UIApplicationSupportsIndirectInputEvents = YES;
				INFOPLIST_KEY_UILaunchScreen_Generation = YES;
				INFOPLIST_KEY_UISupportedInterfaceOrientations_iPad = "UIInterfaceOrientationPortrait UIInterfaceOrientationPortraitUpsideDown UIInterfaceOrientationLandscapeLeft UIInterfaceOrientationLandscapeRight";
				INFOPLIST_KEY_UISupportedInterfaceOrientations_iPhone = "UIInterfaceOrientationPortrait UIInterfaceOrientationLandscapeLeft UIInterfaceOrientationLandscapeRight";
				LD_RUNPATH_SEARCH_PATHS = (
					"$(inherited)",
					"@executable_path/Frameworks",
				);
				MARKETING_VERSION = 1.0;
				PRODUCT_BUNDLE_IDENTIFIER = com.vts.CookBook;
				PRODUCT_NAME = "$(TARGET_NAME)";
				SWIFT_EMIT_LOC_STRINGS = YES;
				SWIFT_VERSION = 5.0;
				TARGETED_DEVICE_FAMILY = "1,2";
			};
			name = Release;
		};
/* End XCBuildConfiguration section */

/* Begin XCConfigurationList section */
		6C413F532A2835650055D2E7 /* Build configuration list for PBXProject "CookBook" */ = {
			isa = XCConfigurationList;
			buildConfigurations = (
				6C413F642A2835660055D2E7 /* Debug */,
				6C413F652A2835660055D2E7 /* Release */,
			);
			defaultConfigurationIsVisible = 0;
			defaultConfigurationName = Release;
		};
		6C413F662A2835660055D2E7 /* Build configuration list for PBXNativeTarget "CookBook" */ = {
			isa = XCConfigurationList;
			buildConfigurations = (
				6C413F672A2835660055D2E7 /* Debug */,
				6C413F682A2835660055D2E7 /* Release */,
			);
			defaultConfigurationIsVisible = 0;
			defaultConfigurationName = Release;
		};
/* End XCConfigurationList section */
	};
	rootObject = 6C413F502A2835650055D2E7 /* Project object */;
}
